// !$*UTF8*$!
{
	archiveVersion = 1;
	classes = {
	};
	objectVersion = 56;
	objects = {

/* Begin PBXBuildFile section */
		8620191928E7399600FA8352 /* AppDelegate.swift in Sources */ = {isa = PBXBuildFile; fileRef = 8620191828E7399600FA8352 /* AppDelegate.swift */; };
		8620191B28E7399600FA8352 /* SceneDelegate.swift in Sources */ = {isa = PBXBuildFile; fileRef = 8620191A28E7399600FA8352 /* SceneDelegate.swift */; };
		8620191D28E7399600FA8352 /* CharactersViewController.swift in Sources */ = {isa = PBXBuildFile; fileRef = 8620191C28E7399600FA8352 /* CharactersViewController.swift */; };
		8620192028E7399600FA8352 /* Main.storyboard in Resources */ = {isa = PBXBuildFile; fileRef = 8620191E28E7399600FA8352 /* Main.storyboard */; };
		8620192228E7399900FA8352 /* Assets.xcassets in Resources */ = {isa = PBXBuildFile; fileRef = 8620192128E7399900FA8352 /* Assets.xcassets */; };
		8620192528E7399900FA8352 /* LaunchScreen.storyboard in Resources */ = {isa = PBXBuildFile; fileRef = 8620192328E7399900FA8352 /* LaunchScreen.storyboard */; };
		8620192D28E739F800FA8352 /* NetworkManager.swift in Sources */ = {isa = PBXBuildFile; fileRef = 8620192C28E739F800FA8352 /* NetworkManager.swift */; };
		8620193028E73A4400FA8352 /* Alamofire in Frameworks */ = {isa = PBXBuildFile; productRef = 8620192F28E73A4400FA8352 /* Alamofire */; };
		8620193328E73C5200FA8352 /* NetworkConstants.swift in Sources */ = {isa = PBXBuildFile; fileRef = 8620193228E73C5200FA8352 /* NetworkConstants.swift */; };
		8620193628E73E1C00FA8352 /* Character.swift in Sources */ = {isa = PBXBuildFile; fileRef = 8620193528E73E1C00FA8352 /* Character.swift */; };
		8620193D28E74A1C00FA8352 /* CharactersCollectionViewCell.swift in Sources */ = {isa = PBXBuildFile; fileRef = 8620193B28E74A1C00FA8352 /* CharactersCollectionViewCell.swift */; };
		8620193E28E74A1C00FA8352 /* CharactersCollectionViewCell.xib in Resources */ = {isa = PBXBuildFile; fileRef = 8620193C28E74A1C00FA8352 /* CharactersCollectionViewCell.xib */; };
		8620194228E777C500FA8352 /* Kingfisher in Frameworks */ = {isa = PBXBuildFile; productRef = 8620194128E777C500FA8352 /* Kingfisher */; };
/* End PBXBuildFile section */

/* Begin PBXFileReference section */
		8620191528E7399600FA8352 /* Breaking Bad.app */ = {isa = PBXFileReference; explicitFileType = wrapper.application; includeInIndex = 0; path = "Breaking Bad.app"; sourceTree = BUILT_PRODUCTS_DIR; };
		8620191828E7399600FA8352 /* AppDelegate.swift */ = {isa = PBXFileReference; lastKnownFileType = sourcecode.swift; path = AppDelegate.swift; sourceTree = "<group>"; };
		8620191A28E7399600FA8352 /* SceneDelegate.swift */ = {isa = PBXFileReference; lastKnownFileType = sourcecode.swift; path = SceneDelegate.swift; sourceTree = "<group>"; };
		8620191C28E7399600FA8352 /* CharactersViewController.swift */ = {isa = PBXFileReference; lastKnownFileType = sourcecode.swift; path = CharactersViewController.swift; sourceTree = "<group>"; };
		8620191F28E7399600FA8352 /* Base */ = {isa = PBXFileReference; lastKnownFileType = file.storyboard; name = Base; path = Base.lproj/Main.storyboard; sourceTree = "<group>"; };
		8620192128E7399900FA8352 /* Assets.xcassets */ = {isa = PBXFileReference; lastKnownFileType = folder.assetcatalog; path = Assets.xcassets; sourceTree = "<group>"; };
		8620192428E7399900FA8352 /* Base */ = {isa = PBXFileReference; lastKnownFileType = file.storyboard; name = Base; path = Base.lproj/LaunchScreen.storyboard; sourceTree = "<group>"; };
		8620192628E7399900FA8352 /* Info.plist */ = {isa = PBXFileReference; lastKnownFileType = text.plist.xml; path = Info.plist; sourceTree = "<group>"; };
		8620192C28E739F800FA8352 /* NetworkManager.swift */ = {isa = PBXFileReference; lastKnownFileType = sourcecode.swift; path = NetworkManager.swift; sourceTree = "<group>"; };
		8620193228E73C5200FA8352 /* NetworkConstants.swift */ = {isa = PBXFileReference; lastKnownFileType = sourcecode.swift; path = NetworkConstants.swift; sourceTree = "<group>"; };
		8620193528E73E1C00FA8352 /* Character.swift */ = {isa = PBXFileReference; lastKnownFileType = sourcecode.swift; path = Character.swift; sourceTree = "<group>"; };
		8620193B28E74A1C00FA8352 /* CharactersCollectionViewCell.swift */ = {isa = PBXFileReference; lastKnownFileType = sourcecode.swift; path = CharactersCollectionViewCell.swift; sourceTree = "<group>"; };
		8620193C28E74A1C00FA8352 /* CharactersCollectionViewCell.xib */ = {isa = PBXFileReference; lastKnownFileType = file.xib; path = CharactersCollectionViewCell.xib; sourceTree = "<group>"; };
/* End PBXFileReference section */

/* Begin PBXFrameworksBuildPhase section */
		8620191228E7399600FA8352 /* Frameworks */ = {
			isa = PBXFrameworksBuildPhase;
			buildActionMask = 2147483647;
			files = (
				8620194228E777C500FA8352 /* Kingfisher in Frameworks */,
				8620193028E73A4400FA8352 /* Alamofire in Frameworks */,
			);
			runOnlyForDeploymentPostprocessing = 0;
		};
/* End PBXFrameworksBuildPhase section */

/* Begin PBXGroup section */
		8620190C28E7399600FA8352 = {
			isa = PBXGroup;
			children = (
				8620191728E7399600FA8352 /* Breaking Bad */,
				8620191628E7399600FA8352 /* Products */,
			);
			sourceTree = "<group>";
		};
		8620191628E7399600FA8352 /* Products */ = {
			isa = PBXGroup;
			children = (
				8620191528E7399600FA8352 /* Breaking Bad.app */,
			);
			name = Products;
			sourceTree = "<group>";
		};
		8620191728E7399600FA8352 /* Breaking Bad */ = {
			isa = PBXGroup;
			children = (
				8620191828E7399600FA8352 /* AppDelegate.swift */,
				8620191A28E7399600FA8352 /* SceneDelegate.swift */,
				8620193128E73A4B00FA8352 /* Network */,
				8620193F28E74A2700FA8352 /* Cells */,
				8620193428E73C5600FA8352 /* Constants */,
				8620193728E73E2F00FA8352 /* Model */,
				8620193A28E7462300FA8352 /* View */,
				8620193928E7450E00FA8352 /* Controller */,
				8620192128E7399900FA8352 /* Assets.xcassets */,
				8620192328E7399900FA8352 /* LaunchScreen.storyboard */,
				8620192628E7399900FA8352 /* Info.plist */,
			);
			path = "Breaking Bad";
			sourceTree = "<group>";
		};
		8620193128E73A4B00FA8352 /* Network */ = {
			isa = PBXGroup;
			children = (
				8620192C28E739F800FA8352 /* NetworkManager.swift */,
			);
			path = Network;
			sourceTree = "<group>";
		};
		8620193428E73C5600FA8352 /* Constants */ = {
			isa = PBXGroup;
			children = (
				8620193228E73C5200FA8352 /* NetworkConstants.swift */,
			);
			path = Constants;
			sourceTree = "<group>";
		};
		8620193728E73E2F00FA8352 /* Model */ = {
			isa = PBXGroup;
			children = (
				8620193528E73E1C00FA8352 /* Character.swift */,
			);
			path = Model;
			sourceTree = "<group>";
		};
		8620193928E7450E00FA8352 /* Controller */ = {
			isa = PBXGroup;
			children = (
				8620191C28E7399600FA8352 /* CharactersViewController.swift */,
			);
			path = Controller;
			sourceTree = "<group>";
		};
		8620193A28E7462300FA8352 /* View */ = {
			isa = PBXGroup;
			children = (
				8620191E28E7399600FA8352 /* Main.storyboard */,
			);
			path = View;
			sourceTree = "<group>";
		};
		8620193F28E74A2700FA8352 /* Cells */ = {
			isa = PBXGroup;
			children = (
				8620193B28E74A1C00FA8352 /* CharactersCollectionViewCell.swift */,
				8620193C28E74A1C00FA8352 /* CharactersCollectionViewCell.xib */,
			);
			path = Cells;
			sourceTree = "<group>";
		};
/* End PBXGroup section */

/* Begin PBXNativeTarget section */
		8620191428E7399600FA8352 /* Breaking Bad */ = {
			isa = PBXNativeTarget;
			buildConfigurationList = 8620192928E7399900FA8352 /* Build configuration list for PBXNativeTarget "Breaking Bad" */;
			buildPhases = (
				8620191128E7399600FA8352 /* Sources */,
				8620191228E7399600FA8352 /* Frameworks */,
				8620191328E7399600FA8352 /* Resources */,
			);
			buildRules = (
			);
			dependencies = (
			);
			name = "Breaking Bad";
			packageProductDependencies = (
				8620192F28E73A4400FA8352 /* Alamofire */,
				8620194128E777C500FA8352 /* Kingfisher */,
			);
			productName = "Breaking Bad";
			productReference = 8620191528E7399600FA8352 /* Breaking Bad.app */;
			productType = "com.apple.product-type.application";
		};
/* End PBXNativeTarget section */

/* Begin PBXProject section */
		8620190D28E7399600FA8352 /* Project object */ = {
			isa = PBXProject;
			attributes = {
				BuildIndependentTargetsInParallel = 1;
				LastSwiftUpdateCheck = 1400;
				LastUpgradeCheck = 1400;
				TargetAttributes = {
					8620191428E7399600FA8352 = {
						CreatedOnToolsVersion = 14.0;
					};
				};
			};
			buildConfigurationList = 8620191028E7399600FA8352 /* Build configuration list for PBXProject "Breaking Bad" */;
			compatibilityVersion = "Xcode 14.0";
			developmentRegion = en;
			hasScannedForEncodings = 0;
			knownRegions = (
				en,
				Base,
			);
			mainGroup = 8620190C28E7399600FA8352;
			packageReferences = (
				8620192E28E73A4400FA8352 /* XCRemoteSwiftPackageReference "Alamofire" */,
				8620194028E777C500FA8352 /* XCRemoteSwiftPackageReference "Kingfisher" */,
			);
			productRefGroup = 8620191628E7399600FA8352 /* Products */;
			projectDirPath = "";
			projectRoot = "";
			targets = (
				8620191428E7399600FA8352 /* Breaking Bad */,
			);
		};
/* End PBXProject section */

/* Begin PBXResourcesBuildPhase section */
		8620191328E7399600FA8352 /* Resources */ = {
			isa = PBXResourcesBuildPhase;
			buildActionMask = 2147483647;
			files = (
				8620193E28E74A1C00FA8352 /* CharactersCollectionViewCell.xib in Resources */,
				8620192528E7399900FA8352 /* LaunchScreen.storyboard in Resources */,
				8620192228E7399900FA8352 /* Assets.xcassets in Resources */,
				8620192028E7399600FA8352 /* Main.storyboard in Resources */,
			);
			runOnlyForDeploymentPostprocessing = 0;
		};
/* End PBXResourcesBuildPhase section */

/* Begin PBXSourcesBuildPhase section */
		8620191128E7399600FA8352 /* Sources */ = {
			isa = PBXSourcesBuildPhase;
			buildActionMask = 2147483647;
			files = (
				8620193D28E74A1C00FA8352 /* CharactersCollectionViewCell.swift in Sources */,
				8620192D28E739F800FA8352 /* NetworkManager.swift in Sources */,
				8620191D28E7399600FA8352 /* CharactersViewController.swift in Sources */,
				8620193328E73C5200FA8352 /* NetworkConstants.swift in Sources */,
				8620193628E73E1C00FA8352 /* Character.swift in Sources */,
				8620191928E7399600FA8352 /* AppDelegate.swift in Sources */,
				8620191B28E7399600FA8352 /* SceneDelegate.swift in Sources */,
			);
			runOnlyForDeploymentPostprocessing = 0;
		};
/* End PBXSourcesBuildPhase section */

/* Begin PBXVariantGroup section */
		8620191E28E7399600FA8352 /* Main.storyboard */ = {
			isa = PBXVariantGroup;
			children = (
				8620191F28E7399600FA8352 /* Base */,
			);
			name = Main.storyboard;
			sourceTree = "<group>";
		};
		8620192328E7399900FA8352 /* LaunchScreen.storyboard */ = {
			isa = PBXVariantGroup;
			children = (
				8620192428E7399900FA8352 /* Base */,
			);
			name = LaunchScreen.storyboard;
			sourceTree = "<group>";
		};
/* End PBXVariantGroup section */

/* Begin XCBuildConfiguration section */
		8620192728E7399900FA8352 /* Debug */ = {
			isa = XCBuildConfiguration;
			buildSettings = {
				ALWAYS_SEARCH_USER_PATHS = NO;
				CLANG_ANALYZER_NONNULL = YES;
				CLANG_ANALYZER_NUMBER_OBJECT_CONVERSION = YES_AGGRESSIVE;
				CLANG_CXX_LANGUAGE_STANDARD = "gnu++20";
				CLANG_ENABLE_MODULES = YES;
				CLANG_ENABLE_OBJC_ARC = YES;
				CLANG_ENABLE_OBJC_WEAK = YES;
				CLANG_WARN_BLOCK_CAPTURE_AUTORELEASING = YES;
				CLANG_WARN_BOOL_CONVERSION = YES;
				CLANG_WARN_COMMA = YES;
				CLANG_WARN_CONSTANT_CONVERSION = YES;
				CLANG_WARN_DEPRECATED_OBJC_IMPLEMENTATIONS = YES;
				CLANG_WARN_DIRECT_OBJC_ISA_USAGE = YES_ERROR;
				CLANG_WARN_DOCUMENTATION_COMMENTS = YES;
				CLANG_WARN_EMPTY_BODY = YES;
				CLANG_WARN_ENUM_CONVERSION = YES;
				CLANG_WARN_INFINITE_RECURSION = YES;
				CLANG_WARN_INT_CONVERSION = YES;
				CLANG_WARN_NON_LITERAL_NULL_CONVERSION = YES;
				CLANG_WARN_OBJC_IMPLICIT_RETAIN_SELF = YES;
				CLANG_WARN_OBJC_LITERAL_CONVERSION = YES;
				CLANG_WARN_OBJC_ROOT_CLASS = YES_ERROR;
				CLANG_WARN_QUOTED_INCLUDE_IN_FRAMEWORK_HEADER = YES;
				CLANG_WARN_RANGE_LOOP_ANALYSIS = YES;
				CLANG_WARN_STRICT_PROTOTYPES = YES;
				CLANG_WARN_SUSPICIOUS_MOVE = YES;
				CLANG_WARN_UNGUARDED_AVAILABILITY = YES_AGGRESSIVE;
				CLANG_WARN_UNREACHABLE_CODE = YES;
				CLANG_WARN__DUPLICATE_METHOD_MATCH = YES;
				COPY_PHASE_STRIP = NO;
				DEBUG_INFORMATION_FORMAT = dwarf;
				ENABLE_STRICT_OBJC_MSGSEND = YES;
				ENABLE_TESTABILITY = YES;
				GCC_C_LANGUAGE_STANDARD = gnu11;
				GCC_DYNAMIC_NO_PIC = NO;
				GCC_NO_COMMON_BLOCKS = YES;
				GCC_OPTIMIZATION_LEVEL = 0;
				GCC_PREPROCESSOR_DEFINITIONS = (
					"DEBUG=1",
					"$(inherited)",
				);
				GCC_WARN_64_TO_32_BIT_CONVERSION = YES;
				GCC_WARN_ABOUT_RETURN_TYPE = YES_ERROR;
				GCC_WARN_UNDECLARED_SELECTOR = YES;
				GCC_WARN_UNINITIALIZED_AUTOS = YES_AGGRESSIVE;
				GCC_WARN_UNUSED_FUNCTION = YES;
				GCC_WARN_UNUSED_VARIABLE = YES;
				IPHONEOS_DEPLOYMENT_TARGET = 16.0;
				MTL_ENABLE_DEBUG_INFO = INCLUDE_SOURCE;
				MTL_FAST_MATH = YES;
				ONLY_ACTIVE_ARCH = YES;
				SDKROOT = iphoneos;
				SWIFT_ACTIVE_COMPILATION_CONDITIONS = DEBUG;
				SWIFT_OPTIMIZATION_LEVEL = "-Onone";
			};
			name = Debug;
		};
		8620192828E7399900FA8352 /* Release */ = {
			isa = XCBuildConfiguration;
			buildSettings = {
				ALWAYS_SEARCH_USER_PATHS = NO;
				CLANG_ANALYZER_NONNULL = YES;
				CLANG_ANALYZER_NUMBER_OBJECT_CONVERSION = YES_AGGRESSIVE;
				CLANG_CXX_LANGUAGE_STANDARD = "gnu++20";
				CLANG_ENABLE_MODULES = YES;
				CLANG_ENABLE_OBJC_ARC = YES;
				CLANG_ENABLE_OBJC_WEAK = YES;
				CLANG_WARN_BLOCK_CAPTURE_AUTORELEASING = YES;
				CLANG_WARN_BOOL_CONVERSION = YES;
				CLANG_WARN_COMMA = YES;
				CLANG_WARN_CONSTANT_CONVERSION = YES;
				CLANG_WARN_DEPRECATED_OBJC_IMPLEMENTATIONS = YES;
				CLANG_WARN_DIRECT_OBJC_ISA_USAGE = YES_ERROR;
				CLANG_WARN_DOCUMENTATION_COMMENTS = YES;
				CLANG_WARN_EMPTY_BODY = YES;
				CLANG_WARN_ENUM_CONVERSION = YES;
				CLANG_WARN_INFINITE_RECURSION = YES;
				CLANG_WARN_INT_CONVERSION = YES;
				CLANG_WARN_NON_LITERAL_NULL_CONVERSION = YES;
				CLANG_WARN_OBJC_IMPLICIT_RETAIN_SELF = YES;
				CLANG_WARN_OBJC_LITERAL_CONVERSION = YES;
				CLANG_WARN_OBJC_ROOT_CLASS = YES_ERROR;
				CLANG_WARN_QUOTED_INCLUDE_IN_FRAMEWORK_HEADER = YES;
				CLANG_WARN_RANGE_LOOP_ANALYSIS = YES;
				CLANG_WARN_STRICT_PROTOTYPES = YES;
				CLANG_WARN_SUSPICIOUS_MOVE = YES;
				CLANG_WARN_UNGUARDED_AVAILABILITY = YES_AGGRESSIVE;
				CLANG_WARN_UNREACHABLE_CODE = YES;
				CLANG_WARN__DUPLICATE_METHOD_MATCH = YES;
				COPY_PHASE_STRIP = NO;
				DEBUG_INFORMATION_FORMAT = "dwarf-with-dsym";
				ENABLE_NS_ASSERTIONS = NO;
				ENABLE_STRICT_OBJC_MSGSEND = YES;
				GCC_C_LANGUAGE_STANDARD = gnu11;
				GCC_NO_COMMON_BLOCKS = YES;
				GCC_WARN_64_TO_32_BIT_CONVERSION = YES;
				GCC_WARN_ABOUT_RETURN_TYPE = YES_ERROR;
				GCC_WARN_UNDECLARED_SELECTOR = YES;
				GCC_WARN_UNINITIALIZED_AUTOS = YES_AGGRESSIVE;
				GCC_WARN_UNUSED_FUNCTION = YES;
				GCC_WARN_UNUSED_VARIABLE = YES;
				IPHONEOS_DEPLOYMENT_TARGET = 16.0;
				MTL_ENABLE_DEBUG_INFO = NO;
				MTL_FAST_MATH = YES;
				SDKROOT = iphoneos;
				SWIFT_COMPILATION_MODE = wholemodule;
				SWIFT_OPTIMIZATION_LEVEL = "-O";
				VALIDATE_PRODUCT = YES;
			};
			name = Release;
		};
		8620192A28E7399900FA8352 /* Debug */ = {
			isa = XCBuildConfiguration;
			buildSettings = {
				ASSETCATALOG_COMPILER_APPICON_NAME = AppIcon;
				ASSETCATALOG_COMPILER_GLOBAL_ACCENT_COLOR_NAME = AccentColor;
				CODE_SIGN_STYLE = Automatic;
				CURRENT_PROJECT_VERSION = 1;
				DEVELOPMENT_TEAM = FYS62UHY46;
				GENERATE_INFOPLIST_FILE = YES;
				INFOPLIST_FILE = "Breaking Bad/Info.plist";
				INFOPLIST_KEY_UIApplicationSupportsIndirectInputEvents = YES;
				INFOPLIST_KEY_UILaunchStoryboardName = LaunchScreen;
				INFOPLIST_KEY_UIMainStoryboardFile = Main;
				INFOPLIST_KEY_UISupportedInterfaceOrientations_iPad = "UIInterfaceOrientationPortrait UIInterfaceOrientationPortraitUpsideDown UIInterfaceOrientationLandscapeLeft UIInterfaceOrientationLandscapeRight";
				INFOPLIST_KEY_UISupportedInterfaceOrientations_iPhone = "UIInterfaceOrientationPortrait UIInterfaceOrientationLandscapeLeft UIInterfaceOrientationLandscapeRight";
				LD_RUNPATH_SEARCH_PATHS = (
					"$(inherited)",
					"@executable_path/Frameworks",
				);
				MARKETING_VERSION = 1.0;
				PRODUCT_BUNDLE_IDENTIFIER = "mehmetali.kisacik.Breaking-Bad";
				PRODUCT_NAME = "$(TARGET_NAME)";
				SWIFT_EMIT_LOC_STRINGS = YES;
				SWIFT_VERSION = 5.0;
				TARGETED_DEVICE_FAMILY = "1,2";
			};
			name = Debug;
		};
		8620192B28E7399900FA8352 /* Release */ = {
			isa = XCBuildConfiguration;
			buildSettings = {
				ASSETCATALOG_COMPILER_APPICON_NAME = AppIcon;
				ASSETCATALOG_COMPILER_GLOBAL_ACCENT_COLOR_NAME = AccentColor;
				CODE_SIGN_STYLE = Automatic;
				CURRENT_PROJECT_VERSION = 1;
				DEVELOPMENT_TEAM = FYS62UHY46;
				GENERATE_INFOPLIST_FILE = YES;
				INFOPLIST_FILE = "Breaking Bad/Info.plist";
				INFOPLIST_KEY_UIApplicationSupportsIndirectInputEvents = YES;
				INFOPLIST_KEY_UILaunchStoryboardName = LaunchScreen;
				INFOPLIST_KEY_UIMainStoryboardFile = Main;
				INFOPLIST_KEY_UISupportedInterfaceOrientations_iPad = "UIInterfaceOrientationPortrait UIInterfaceOrientationPortraitUpsideDown UIInterfaceOrientationLandscapeLeft UIInterfaceOrientationLandscapeRight";
				INFOPLIST_KEY_UISupportedInterfaceOrientations_iPhone = "UIInterfaceOrientationPortrait UIInterfaceOrientationLandscapeLeft UIInterfaceOrientationLandscapeRight";
				LD_RUNPATH_SEARCH_PATHS = (
					"$(inherited)",
					"@executable_path/Frameworks",
				);
				MARKETING_VERSION = 1.0;
				PRODUCT_BUNDLE_IDENTIFIER = "mehmetali.kisacik.Breaking-Bad";
				PRODUCT_NAME = "$(TARGET_NAME)";
				SWIFT_EMIT_LOC_STRINGS = YES;
				SWIFT_VERSION = 5.0;
				TARGETED_DEVICE_FAMILY = "1,2";
			};
			name = Release;
		};
/* End XCBuildConfiguration section */

/* Begin XCConfigurationList section */
		8620191028E7399600FA8352 /* Build configuration list for PBXProject "Breaking Bad" */ = {
			isa = XCConfigurationList;
			buildConfigurations = (
				8620192728E7399900FA8352 /* Debug */,
				8620192828E7399900FA8352 /* Release */,
			);
			defaultConfigurationIsVisible = 0;
			defaultConfigurationName = Release;
		};
		8620192928E7399900FA8352 /* Build configuration list for PBXNativeTarget "Breaking Bad" */ = {
			isa = XCConfigurationList;
			buildConfigurations = (
				8620192A28E7399900FA8352 /* Debug */,
				8620192B28E7399900FA8352 /* Release */,
			);
			defaultConfigurationIsVisible = 0;
			defaultConfigurationName = Release;
		};
/* End XCConfigurationList section */

/* Begin XCRemoteSwiftPackageReference section */
		8620192E28E73A4400FA8352 /* XCRemoteSwiftPackageReference "Alamofire" */ = {
			isa = XCRemoteSwiftPackageReference;
			repositoryURL = "https://github.com/Alamofire/Alamofire";
			requirement = {
				branch = master;
				kind = branch;
			};
		};
		8620194028E777C500FA8352 /* XCRemoteSwiftPackageReference "Kingfisher" */ = {
			isa = XCRemoteSwiftPackageReference;
			repositoryURL = "https://github.com/onevcat/Kingfisher";
			requirement = {
				branch = master;
				kind = branch;
			};
		};
/* End XCRemoteSwiftPackageReference section */

/* Begin XCSwiftPackageProductDependency section */
		8620192F28E73A4400FA8352 /* Alamofire */ = {
			isa = XCSwiftPackageProductDependency;
			package = 8620192E28E73A4400FA8352 /* XCRemoteSwiftPackageReference "Alamofire" */;
			productName = Alamofire;
		};
		8620194128E777C500FA8352 /* Kingfisher */ = {
			isa = XCSwiftPackageProductDependency;
			package = 8620194028E777C500FA8352 /* XCRemoteSwiftPackageReference "Kingfisher" */;
			productName = Kingfisher;
		};
/* End XCSwiftPackageProductDependency section */
	};
	rootObject = 8620190D28E7399600FA8352 /* Project object */;
}
